
Microsoft Visual Studio Solution File, Format Version 12.00
# Visual Studio 15
VisualStudioVersion = 15.0.28307.757
MinimumVisualStudioVersion = 10.0.40219.1
Project("{FAE04EC0-301F-11D3-BF4B-00C04F79EFBC}") = "T_Cleveland_Backend", "T_Cleveland_Backend\T_Cleveland_Backend.csproj", "{6CCC3E29-DA7C-47A1-A93B-9E90DFAF09B9}"
EndProject
Global
	GlobalSection(SolutionConfigurationPlatforms) = preSolution
		Debug|Any CPU = Debug|Any CPU
		Release|Any CPU = Release|Any CPU
	EndGlobalSection
	GlobalSection(ProjectConfigurationPlatforms) = postSolution
		{6CCC3E29-DA7C-47A1-A93B-9E90DFAF09B9}.Debug|Any CPU.ActiveCfg = Debug|Any CPU
		{6CCC3E29-DA7C-47A1-A93B-9E90DFAF09B9}.Debug|Any CPU.Build.0 = Debug|Any CPU
		{6CCC3E29-DA7C-47A1-A93B-9E90DFAF09B9}.Release|Any CPU.ActiveCfg = Release|Any CPU
		{6CCC3E29-DA7C-47A1-A93B-9E90DFAF09B9}.Release|Any CPU.Build.0 = Release|Any CPU
	EndGlobalSection
	GlobalSection(SolutionProperties) = preSolution
		HideSolutionNode = FALSE
	EndGlobalSection
	GlobalSection(ExtensibilityGlobals) = postSolution
		SolutionGuid = {34D3BF21-6CE8-456B-9637-705ABEF462C0}
	EndGlobalSection
EndGlobal
